
Microsoft Visual Studio Solution File, Format Version 12.00
# Visual Studio Version 17
VisualStudioVersion = 17.8.34330.188
MinimumVisualStudioVersion = 10.0.40219.1
Project("{FAE04EC0-301F-11D3-BF4B-00C04F79EFBC}") = "GUI", "GUI.csproj", "{E32C994C-6D90-4C2E-8F7E-83F79DE986B8}"
EndProject
Project("{FAE04EC0-301F-11D3-BF4B-00C04F79EFBC}") = "DTO", "..\DTO\DTO.csproj", "{62FD0F34-04B0-4FBE-B39B-1BF55E208E1A}"
EndProject
Project("{FAE04EC0-301F-11D3-BF4B-00C04F79EFBC}") = "DAL", "..\DAL\DAL.csproj", "{3EE23C7A-EE94-4A23-BEE9-E11771D1CCB2}"
EndProject
Project("{FAE04EC0-301F-11D3-BF4B-00C04F79EFBC}") = "BUS", "..\BUS\BUS.csproj", "{ADF96FC3-06B3-44CF-B247-4B22A0A1B8CC}"
EndProject
Global
	GlobalSection(SolutionConfigurationPlatforms) = preSolution
		Debug|Any CPU = Debug|Any CPU
		Release|Any CPU = Release|Any CPU
	EndGlobalSection
	GlobalSection(ProjectConfigurationPlatforms) = postSolution
		{E32C994C-6D90-4C2E-8F7E-83F79DE986B8}.Debug|Any CPU.ActiveCfg = Debug|Any CPU
		{E32C994C-6D90-4C2E-8F7E-83F79DE986B8}.Debug|Any CPU.Build.0 = Debug|Any CPU
		{E32C994C-6D90-4C2E-8F7E-83F79DE986B8}.Release|Any CPU.ActiveCfg = Release|Any CPU
		{E32C994C-6D90-4C2E-8F7E-83F79DE986B8}.Release|Any CPU.Build.0 = Release|Any CPU
		{62FD0F34-04B0-4FBE-B39B-1BF55E208E1A}.Debug|Any CPU.ActiveCfg = Debug|Any CPU
		{62FD0F34-04B0-4FBE-B39B-1BF55E208E1A}.Debug|Any CPU.Build.0 = Debug|Any CPU
		{62FD0F34-04B0-4FBE-B39B-1BF55E208E1A}.Release|Any CPU.ActiveCfg = Release|Any CPU
		{62FD0F34-04B0-4FBE-B39B-1BF55E208E1A}.Release|Any CPU.Build.0 = Release|Any CPU
		{3EE23C7A-EE94-4A23-BEE9-E11771D1CCB2}.Debug|Any CPU.ActiveCfg = Debug|Any CPU
		{3EE23C7A-EE94-4A23-BEE9-E11771D1CCB2}.Debug|Any CPU.Build.0 = Debug|Any CPU
		{3EE23C7A-EE94-4A23-BEE9-E11771D1CCB2}.Release|Any CPU.ActiveCfg = Release|Any CPU
		{3EE23C7A-EE94-4A23-BEE9-E11771D1CCB2}.Release|Any CPU.Build.0 = Release|Any CPU
		{ADF96FC3-06B3-44CF-B247-4B22A0A1B8CC}.Debug|Any CPU.ActiveCfg = Debug|Any CPU
		{ADF96FC3-06B3-44CF-B247-4B22A0A1B8CC}.Debug|Any CPU.Build.0 = Debug|Any CPU
		{ADF96FC3-06B3-44CF-B247-4B22A0A1B8CC}.Release|Any CPU.ActiveCfg = Release|Any CPU
		{ADF96FC3-06B3-44CF-B247-4B22A0A1B8CC}.Release|Any CPU.Build.0 = Release|Any CPU
	EndGlobalSection
	GlobalSection(SolutionProperties) = preSolution
		HideSolutionNode = FALSE
	EndGlobalSection
	GlobalSection(ExtensibilityGlobals) = postSolution
		SolutionGuid = {266350E6-8FE8-47A9-B7B7-1DF22CB7465E}
	EndGlobalSection
EndGlobal
